
Microsoft Visual Studio Solution File, Format Version 12.00
# Visual Studio 15
VisualStudioVersion = 15.0.28307.705
MinimumVisualStudioVersion = 10.0.40219.1
Project("{FAE04EC0-301F-11D3-BF4B-00C04F79EFBC}") = "SLAQueue", "SLAQueue\SLAQueue.csproj", "{A1123D11-7F0B-430A-B78C-05E064D360DB}"
EndProject
Global
	GlobalSection(SolutionConfigurationPlatforms) = preSolution
		Debug|Any CPU = Debug|Any CPU
		Release|Any CPU = Release|Any CPU
	EndGlobalSection
	GlobalSection(ProjectConfigurationPlatforms) = postSolution
		{A1123D11-7F0B-430A-B78C-05E064D360DB}.Debug|Any CPU.ActiveCfg = Debug|Any CPU
		{A1123D11-7F0B-430A-B78C-05E064D360DB}.Debug|Any CPU.Build.0 = Debug|Any CPU
		{A1123D11-7F0B-430A-B78C-05E064D360DB}.Release|Any CPU.ActiveCfg = Release|Any CPU
		{A1123D11-7F0B-430A-B78C-05E064D360DB}.Release|Any CPU.Build.0 = Release|Any CPU
	EndGlobalSection
	GlobalSection(SolutionProperties) = preSolution
		HideSolutionNode = FALSE
	EndGlobalSection
	GlobalSection(ExtensibilityGlobals) = postSolution
		SolutionGuid = {BAB0018A-B8E6-44F5-9A2A-3A8BB7FDA4DC}
	EndGlobalSection
EndGlobal
